<Solution>
  <Folder Name="/Task0/">
    <Project Path="Tyuiu.ErmolaevEO.Sprint0.Task0.V0/Tyuiu.ErmolaevEO.Sprint0.Task0.V0.csproj" Id="0ca4e42f-dad5-41e7-af24-7d4800d7664b" />
  </Folder>
  <Folder Name="/Task1/">
    <Project Path="Tyuiu.ErmolaevEO.Sprint0.Task1.V0/Tyuiu.ErmolaevEO.Sprint0.Task1.V0.csproj" Id="33768b1e-2174-45b0-8445-17ed26b4d267" />
  </Folder>
  <Folder Name="/Task2/">
    <Project Path="Tyuiu.ErmolaevEO.Sprint0.Task2.V0.Lib/Tyuiu.ErmolaevEO.Sprint0.Task2.V0.Lib.csproj" Id="ff1a9244-bcf8-4d28-963a-cc3dabe8a478" />
    <Project Path="Tyuiu.ErmolaevEO.Sprint0.Task2.V0.Test/Tyuiu.ErmolaevEO.Sprint0.Task2.V0.Test.csproj" Id="b4cde1e3-bbae-4299-af20-f56b252e7ce6" />
    <Project Path="Tyuiu.ErmolaevEO.Sprint0.Task2.V0/Tyuiu.ErmolaevEO.Sprint0.Task2.V0.csproj" Id="74030152-28bf-41ff-bcc2-18ca08bd9f2f" />
  </Folder>
  <Folder Name="/Task3/">
    <Project Path="Tyuiu.ErmolaevEO.Sprint0.Task3.V0.Lib/Tyuiu.ErmolaevEO.Sprint0.Task3.V0.Lib.csproj" Id="a5398fbb-bd9c-408f-97a6-3713227b8145" />
    <Project Path="Tyuiu.ErmolaevEO.Sprint0.Task3.V0.Test/Tyuiu.ErmolaevEO.Sprint0.Task3.V0.Test.csproj" Id="21471818-f06f-4094-bbbc-e8c4ebfe219f" />
    <Project Path="Tyuiu.ErmolaevEO.Sprint0.Task3.V0/Tyuiu.ErmolaevEO.Sprint0.Task3.V0.csproj" Id="d08451ae-dfbd-42e4-8301-d167c396218a" />
  </Folder>
  <Folder Name="/Task4/">
    <Project Path="Tyuiu.ErmolaevEO.Sprint0.Task4.V0.Lib/Tyuiu.ErmolaevEO.Sprint0.Task4.V0.Lib.csproj" Id="2b6df6ff-6211-47cc-b2ed-066afbdb5a9c" />
    <Project Path="Tyuiu.ErmolaevEO.Sprint0.Task4.V0.Test/Tyuiu.ErmolaevEO.Sprint0.Task4.V0.Test.csproj" Id="a2445837-4821-4b51-9ed7-15489d87dbb8" />
    <Project Path="Tyuiu.ErmolaevEO.Sprint0.Task4.V0/Tyuiu.ErmolaevEO.Sprint0.Task4.V0.csproj" Id="eee026ba-a1b4-4d9d-8ad7-0b3d7bd19fda" />
  </Folder>
  <Folder Name="/Task5/">
    <Project Path="Tyuiu.ErmolaevEO.Sprint0.Task5.V0.Lib/Tyuiu.ErmolaevEO.Sprint0.Task5.V0.Lib.csproj" Id="e4721a51-12f3-4f9d-81b0-549ce86f29e3" />
    <Project Path="Tyuiu.ErmolaevEO.Sprint0.Task5.V0.Test/Tyuiu.ErmolaevEO.Sprint0.Task5.V0.Test.csproj" Id="b45a4739-9019-466e-a012-deab7a276467" />
    <Project Path="Tyuiu.ErmolaevEO.Sprint0.Task5.V0/Tyuiu.ErmolaevEO.Sprint0.Task5.V0.csproj" Id="770f3f4d-20f6-45d4-9803-8bcfa93e48b0" />
  </Folder>
</Solution>
